Microsoft Visual Studio Solution File, Format Version 11.00
# Visual Studio 2008

Project("{99F44316-7F67-01B9-13CA-80553BA83942}") = "FightGame", "Assembly-CSharp.csproj", "{65122EE7-0589-A035-854A-711851485D75}"
EndProject
Global
	GlobalSection(SolutionConfigurationPlatforms) = preSolution
		Debug|Any CPU = Debug|Any CPU
		Release|Any CPU = Release|Any CPU
	EndGlobalSection
	GlobalSection(ProjectConfigurationPlatforms) = postSolution
		{65122EE7-0589-A035-854A-711851485D75}.Debug|Any CPU.ActiveCfg = Debug|Any CPU
		{65122EE7-0589-A035-854A-711851485D75}.Debug|Any CPU.Build.0 = Debug|Any CPU
		{65122EE7-0589-A035-854A-711851485D75}.Release|Any CPU.ActiveCfg = Release|Any CPU
		{65122EE7-0589-A035-854A-711851485D75}.Release|Any CPU.Build.0 = Release|Any CPU
	EndGlobalSection
	GlobalSection(SolutionProperties) = preSolution
		HideSolutionNode = FALSE
	EndGlobalSection
	GlobalSection(MonoDevelopProperties) = preSolution
		StartupItem = Assembly-CSharp.csproj
	EndGlobalSection
EndGlobal
